
Microsoft Visual Studio Solution File, Format Version 12.00
# Visual Studio Version 16
VisualStudioVersion = 16.0.32126.315
MinimumVisualStudioVersion = 10.0.40219.1
Project("{FAE04EC0-301F-11D3-BF4B-00C04F79EFBC}") = "homework_1", "homework_1\homework_1.csproj", "{B0EEE81E-94EE-4116-8A20-28BA0D8F3D09}"
EndProject
Global
	GlobalSection(SolutionConfigurationPlatforms) = preSolution
		Debug|Any CPU = Debug|Any CPU
		Release|Any CPU = Release|Any CPU
	EndGlobalSection
	GlobalSection(ProjectConfigurationPlatforms) = postSolution
		{B0EEE81E-94EE-4116-8A20-28BA0D8F3D09}.Debug|Any CPU.ActiveCfg = Debug|Any CPU
		{B0EEE81E-94EE-4116-8A20-28BA0D8F3D09}.Debug|Any CPU.Build.0 = Debug|Any CPU
		{B0EEE81E-94EE-4116-8A20-28BA0D8F3D09}.Release|Any CPU.ActiveCfg = Release|Any CPU
		{B0EEE81E-94EE-4116-8A20-28BA0D8F3D09}.Release|Any CPU.Build.0 = Release|Any CPU
	EndGlobalSection
	GlobalSection(SolutionProperties) = preSolution
		HideSolutionNode = FALSE
	EndGlobalSection
	GlobalSection(ExtensibilityGlobals) = postSolution
		SolutionGuid = {D35FB1E1-BCF5-43EF-91F1-11A37001CFC2}
	EndGlobalSection
EndGlobal
